// !$*UTF8*$!
{
	archiveVersion = 1;
	classes = {
	};
	objectVersion = 46;
	objects = {

/* Begin PBXBuildFile section */
		0DB2D86C1DF7FC8A0051A033 /* AppDelegate.swift in Sources */ = {isa = PBXBuildFile; fileRef = 0DB2D86B1DF7FC8A0051A033 /* AppDelegate.swift */; };
		0DB2D86E1DF7FC8A0051A033 /* FirstViewController.swift in Sources */ = {isa = PBXBuildFile; fileRef = 0DB2D86D1DF7FC8A0051A033 /* FirstViewController.swift */; };
		0DB2D8701DF7FC8A0051A033 /* SecondViewController.swift in Sources */ = {isa = PBXBuildFile; fileRef = 0DB2D86F1DF7FC8A0051A033 /* SecondViewController.swift */; };
		0DB2D8731DF7FC8A0051A033 /* Main.storyboard in Resources */ = {isa = PBXBuildFile; fileRef = 0DB2D8711DF7FC8A0051A033 /* Main.storyboard */; };
		0DB2D8751DF7FC8A0051A033 /* Assets.xcassets in Resources */ = {isa = PBXBuildFile; fileRef = 0DB2D8741DF7FC8A0051A033 /* Assets.xcassets */; };
		0DB2D8781DF7FC8A0051A033 /* LaunchScreen.storyboard in Resources */ = {isa = PBXBuildFile; fileRef = 0DB2D8761DF7FC8A0051A033 /* LaunchScreen.storyboard */; };
		0DB2D8831DF7FC8A0051A033 /* repository_testTests.swift in Sources */ = {isa = PBXBuildFile; fileRef = 0DB2D8821DF7FC8A0051A033 /* repository_testTests.swift */; };
		0DB2D88E1DF7FC8A0051A033 /* repository_testUITests.swift in Sources */ = {isa = PBXBuildFile; fileRef = 0DB2D88D1DF7FC8A0051A033 /* repository_testUITests.swift */; };
/* End PBXBuildFile section */

/* Begin PBXContainerItemProxy section */
		0DB2D87F1DF7FC8A0051A033 /* PBXContainerItemProxy */ = {
			isa = PBXContainerItemProxy;
			containerPortal = 0DB2D8601DF7FC890051A033 /* Project object */;
			proxyType = 1;
			remoteGlobalIDString = 0DB2D8671DF7FC8A0051A033;
			remoteInfo = repository_test;
		};
		0DB2D88A1DF7FC8A0051A033 /* PBXContainerItemProxy */ = {
			isa = PBXContainerItemProxy;
			containerPortal = 0DB2D8601DF7FC890051A033 /* Project object */;
			proxyType = 1;
			remoteGlobalIDString = 0DB2D8671DF7FC8A0051A033;
			remoteInfo = repository_test;
		};
/* End PBXContainerItemProxy section */

/* Begin PBXFileReference section */
		0DB2D8681DF7FC8A0051A033 /* repository_test.app */ = {isa = PBXFileReference; explicitFileType = wrapper.application; includeInIndex = 0; path = repository_test.app; sourceTree = BUILT_PRODUCTS_DIR; };
		0DB2D86B1DF7FC8A0051A033 /* AppDelegate.swift */ = {isa = PBXFileReference; lastKnownFileType = sourcecode.swift; path = AppDelegate.swift; sourceTree = "<group>"; };
		0DB2D86D1DF7FC8A0051A033 /* FirstViewController.swift */ = {isa = PBXFileReference; lastKnownFileType = sourcecode.swift; path = FirstViewController.swift; sourceTree = "<group>"; };
		0DB2D86F1DF7FC8A0051A033 /* SecondViewController.swift */ = {isa = PBXFileReference; lastKnownFileType = sourcecode.swift; path = SecondViewController.swift; sourceTree = "<group>"; };
		0DB2D8721DF7FC8A0051A033 /* Base */ = {isa = PBXFileReference; lastKnownFileType = file.storyboard; name = Base; path = Base.lproj/Main.storyboard; sourceTree = "<group>"; };
		0DB2D8741DF7FC8A0051A033 /* Assets.xcassets */ = {isa = PBXFileReference; lastKnownFileType = folder.assetcatalog; path = Assets.xcassets; sourceTree = "<group>"; };
		0DB2D8771DF7FC8A0051A033 /* Base */ = {isa = PBXFileReference; lastKnownFileType = file.storyboard; name = Base; path = Base.lproj/LaunchScreen.storyboard; sourceTree = "<group>"; };
		0DB2D8791DF7FC8A0051A033 /* Info.plist */ = {isa = PBXFileReference; lastKnownFileType = text.plist.xml; path = Info.plist; sourceTree = "<group>"; };
		0DB2D87E1DF7FC8A0051A033 /* repository_testTests.xctest */ = {isa = PBXFileReference; explicitFileType = wrapper.cfbundle; includeInIndex = 0; path = repository_testTests.xctest; sourceTree = BUILT_PRODUCTS_DIR; };
		0DB2D8821DF7FC8A0051A033 /* repository_testTests.swift */ = {isa = PBXFileReference; lastKnownFileType = sourcecode.swift; path = repository_testTests.swift; sourceTree = "<group>"; };
		0DB2D8841DF7FC8A0051A033 /* Info.plist */ = {isa = PBXFileReference; lastKnownFileType = text.plist.xml; path = Info.plist; sourceTree = "<group>"; };
		0DB2D8891DF7FC8A0051A033 /* repository_testUITests.xctest */ = {isa = PBXFileReference; explicitFileType = wrapper.cfbundle; includeInIndex = 0; path = repository_testUITests.xctest; sourceTree = BUILT_PRODUCTS_DIR; };
		0DB2D88D1DF7FC8A0051A033 /* repository_testUITests.swift */ = {isa = PBXFileReference; lastKnownFileType = sourcecode.swift; path = repository_testUITests.swift; sourceTree = "<group>"; };
		0DB2D88F1DF7FC8A0051A033 /* Info.plist */ = {isa = PBXFileReference; lastKnownFileType = text.plist.xml; path = Info.plist; sourceTree = "<group>"; };
/* End PBXFileReference section */

/* Begin PBXFrameworksBuildPhase section */
		0DB2D8651DF7FC8A0051A033 /* Frameworks */ = {
			isa = PBXFrameworksBuildPhase;
			buildActionMask = 2147483647;
			files = (
			);
			runOnlyForDeploymentPostprocessing = 0;
		};
		0DB2D87B1DF7FC8A0051A033 /* Frameworks */ = {
			isa = PBXFrameworksBuildPhase;
			buildActionMask = 2147483647;
			files = (
			);
			runOnlyForDeploymentPostprocessing = 0;
		};
		0DB2D8861DF7FC8A0051A033 /* Frameworks */ = {
			isa = PBXFrameworksBuildPhase;
			buildActionMask = 2147483647;
			files = (
			);
			runOnlyForDeploymentPostprocessing = 0;
		};
/* End PBXFrameworksBuildPhase section */

/* Begin PBXGroup section */
		0DB2D85F1DF7FC890051A033 = {
			isa = PBXGroup;
			children = (
				0DB2D86A1DF7FC8A0051A033 /* repository_test */,
				0DB2D8811DF7FC8A0051A033 /* repository_testTests */,
				0DB2D88C1DF7FC8A0051A033 /* repository_testUITests */,
				0DB2D8691DF7FC8A0051A033 /* Products */,
			);
			sourceTree = "<group>";
		};
		0DB2D8691DF7FC8A0051A033 /* Products */ = {
			isa = PBXGroup;
			children = (
				0DB2D8681DF7FC8A0051A033 /* repository_test.app */,
				0DB2D87E1DF7FC8A0051A033 /* repository_testTests.xctest */,
				0DB2D8891DF7FC8A0051A033 /* repository_testUITests.xctest */,
			);
			name = Products;
			sourceTree = "<group>";
		};
		0DB2D86A1DF7FC8A0051A033 /* repository_test */ = {
			isa = PBXGroup;
			children = (
				0DB2D86B1DF7FC8A0051A033 /* AppDelegate.swift */,
				0DB2D86D1DF7FC8A0051A033 /* FirstViewController.swift */,
				0DB2D86F1DF7FC8A0051A033 /* SecondViewController.swift */,
				0DB2D8711DF7FC8A0051A033 /* Main.storyboard */,
				0DB2D8741DF7FC8A0051A033 /* Assets.xcassets */,
				0DB2D8761DF7FC8A0051A033 /* LaunchScreen.storyboard */,
				0DB2D8791DF7FC8A0051A033 /* Info.plist */,
			);
			path = repository_test;
			sourceTree = "<group>";
		};
		0DB2D8811DF7FC8A0051A033 /* repository_testTests */ = {
			isa = PBXGroup;
			children = (
				0DB2D8821DF7FC8A0051A033 /* repository_testTests.swift */,
				0DB2D8841DF7FC8A0051A033 /* Info.plist */,
			);
			path = repository_testTests;
			sourceTree = "<group>";
		};
		0DB2D88C1DF7FC8A0051A033 /* repository_testUITests */ = {
			isa = PBXGroup;
			children = (
				0DB2D88D1DF7FC8A0051A033 /* repository_testUITests.swift */,
				0DB2D88F1DF7FC8A0051A033 /* Info.plist */,
			);
			path = repository_testUITests;
			sourceTree = "<group>";
		};
/* End PBXGroup section */

/* Begin PBXNativeTarget section */
		0DB2D8671DF7FC8A0051A033 /* repository_test */ = {
			isa = PBXNativeTarget;
			buildConfigurationList = 0DB2D8921DF7FC8A0051A033 /* Build configuration list for PBXNativeTarget "repository_test" */;
			buildPhases = (
				0DB2D8641DF7FC8A0051A033 /* Sources */,
				0DB2D8651DF7FC8A0051A033 /* Frameworks */,
				0DB2D8661DF7FC8A0051A033 /* Resources */,
			);
			buildRules = (
			);
			dependencies = (
			);
			name = repository_test;
			productName = repository_test;
			productReference = 0DB2D8681DF7FC8A0051A033 /* repository_test.app */;
			productType = "com.apple.product-type.application";
		};
		0DB2D87D1DF7FC8A0051A033 /* repository_testTests */ = {
			isa = PBXNativeTarget;
			buildConfigurationList = 0DB2D8951DF7FC8A0051A033 /* Build configuration list for PBXNativeTarget "repository_testTests" */;
			buildPhases = (
				0DB2D87A1DF7FC8A0051A033 /* Sources */,
				0DB2D87B1DF7FC8A0051A033 /* Frameworks */,
				0DB2D87C1DF7FC8A0051A033 /* Resources */,
			);
			buildRules = (
			);
			dependencies = (
				0DB2D8801DF7FC8A0051A033 /* PBXTargetDependency */,
			);
			name = repository_testTests;
			productName = repository_testTests;
			productReference = 0DB2D87E1DF7FC8A0051A033 /* repository_testTests.xctest */;
			productType = "com.apple.product-type.bundle.unit-test";
		};
		0DB2D8881DF7FC8A0051A033 /* repository_testUITests */ = {
			isa = PBXNativeTarget;
			buildConfigurationList = 0DB2D8981DF7FC8A0051A033 /* Build configuration list for PBXNativeTarget "repository_testUITests" */;
			buildPhases = (
				0DB2D8851DF7FC8A0051A033 /* Sources */,
				0DB2D8861DF7FC8A0051A033 /* Frameworks */,
				0DB2D8871DF7FC8A0051A033 /* Resources */,
			);
			buildRules = (
			);
			dependencies = (
				0DB2D88B1DF7FC8A0051A033 /* PBXTargetDependency */,
			);
			name = repository_testUITests;
			productName = repository_testUITests;
			productReference = 0DB2D8891DF7FC8A0051A033 /* repository_testUITests.xctest */;
			productType = "com.apple.product-type.bundle.ui-testing";
		};
/* End PBXNativeTarget section */

/* Begin PBXProject section */
		0DB2D8601DF7FC890051A033 /* Project object */ = {
			isa = PBXProject;
			attributes = {
				LastSwiftUpdateCheck = 0730;
				LastUpgradeCheck = 0730;
				ORGANIZATIONNAME = "伊藤孝史";
				TargetAttributes = {
					0DB2D8671DF7FC8A0051A033 = {
						CreatedOnToolsVersion = 7.3.1;
					};
					0DB2D87D1DF7FC8A0051A033 = {
						CreatedOnToolsVersion = 7.3.1;
						TestTargetID = 0DB2D8671DF7FC8A0051A033;
					};
					0DB2D8881DF7FC8A0051A033 = {
						CreatedOnToolsVersion = 7.3.1;
						TestTargetID = 0DB2D8671DF7FC8A0051A033;
					};
				};
			};
			buildConfigurationList = 0DB2D8631DF7FC890051A033 /* Build configuration list for PBXProject "repository_test" */;
			compatibilityVersion = "Xcode 3.2";
			developmentRegion = English;
			hasScannedForEncodings = 0;
			knownRegions = (
				en,
				Base,
			);
			mainGroup = 0DB2D85F1DF7FC890051A033;
			productRefGroup = 0DB2D8691DF7FC8A0051A033 /* Products */;
			projectDirPath = "";
			projectRoot = "";
			targets = (
				0DB2D8671DF7FC8A0051A033 /* repository_test */,
				0DB2D87D1DF7FC8A0051A033 /* repository_testTests */,
				0DB2D8881DF7FC8A0051A033 /* repository_testUITests */,
			);
		};
/* End PBXProject section */

/* Begin PBXResourcesBuildPhase section */
		0DB2D8661DF7FC8A0051A033 /* Resources */ = {
			isa = PBXResourcesBuildPhase;
			buildActionMask = 2147483647;
			files = (
				0DB2D8781DF7FC8A0051A033 /* LaunchScreen.storyboard in Resources */,
				0DB2D8751DF7FC8A0051A033 /* Assets.xcassets in Resources */,
				0DB2D8731DF7FC8A0051A033 /* Main.storyboard in Resources */,
			);
			runOnlyForDeploymentPostprocessing = 0;
		};
		0DB2D87C1DF7FC8A0051A033 /* Resources */ = {
			isa = PBXResourcesBuildPhase;
			buildActionMask = 2147483647;
			files = (
			);
			runOnlyForDeploymentPostprocessing = 0;
		};
		0DB2D8871DF7FC8A0051A033 /* Resources */ = {
			isa = PBXResourcesBuildPhase;
			buildActionMask = 2147483647;
			files = (
			);
			runOnlyForDeploymentPostprocessing = 0;
		};
/* End PBXResourcesBuildPhase section */

/* Begin PBXSourcesBuildPhase section */
		0DB2D8641DF7FC8A0051A033 /* Sources */ = {
			isa = PBXSourcesBuildPhase;
			buildActionMask = 2147483647;
			files = (
				0DB2D8701DF7FC8A0051A033 /* SecondViewController.swift in Sources */,
				0DB2D86C1DF7FC8A0051A033 /* AppDelegate.swift in Sources */,
				0DB2D86E1DF7FC8A0051A033 /* FirstViewController.swift in Sources */,
			);
			runOnlyForDeploymentPostprocessing = 0;
		};
		0DB2D87A1DF7FC8A0051A033 /* Sources */ = {
			isa = PBXSourcesBuildPhase;
			buildActionMask = 2147483647;
			files = (
				0DB2D8831DF7FC8A0051A033 /* repository_testTests.swift in Sources */,
			);
			runOnlyForDeploymentPostprocessing = 0;
		};
		0DB2D8851DF7FC8A0051A033 /* Sources */ = {
			isa = PBXSourcesBuildPhase;
			buildActionMask = 2147483647;
			files = (
				0DB2D88E1DF7FC8A0051A033 /* repository_testUITests.swift in Sources */,
			);
			runOnlyForDeploymentPostprocessing = 0;
		};
/* End PBXSourcesBuildPhase section */

/* Begin PBXTargetDependency section */
		0DB2D8801DF7FC8A0051A033 /* PBXTargetDependency */ = {
			isa = PBXTargetDependency;
			target = 0DB2D8671DF7FC8A0051A033 /* repository_test */;
			targetProxy = 0DB2D87F1DF7FC8A0051A033 /* PBXContainerItemProxy */;
		};
		0DB2D88B1DF7FC8A0051A033 /* PBXTargetDependency */ = {
			isa = PBXTargetDependency;
			target = 0DB2D8671DF7FC8A0051A033 /* repository_test */;
			targetProxy = 0DB2D88A1DF7FC8A0051A033 /* PBXContainerItemProxy */;
		};
/* End PBXTargetDependency section */

/* Begin PBXVariantGroup section */
		0DB2D8711DF7FC8A0051A033 /* Main.storyboard */ = {
			isa = PBXVariantGroup;
			children = (
				0DB2D8721DF7FC8A0051A033 /* Base */,
			);
			name = Main.storyboard;
			sourceTree = "<group>";
		};
		0DB2D8761DF7FC8A0051A033 /* LaunchScreen.storyboard */ = {
			isa = PBXVariantGroup;
			children = (
				0DB2D8771DF7FC8A0051A033 /* Base */,
			);
			name = LaunchScreen.storyboard;
			sourceTree = "<group>";
		};
/* End PBXVariantGroup section */

/* Begin XCBuildConfiguration section */
		0DB2D8901DF7FC8A0051A033 /* Debug */ = {
			isa = XCBuildConfiguration;
			buildSettings = {
				ALWAYS_SEARCH_USER_PATHS = NO;
				CLANG_ANALYZER_NONNULL = YES;
				CLANG_CXX_LANGUAGE_STANDARD = "gnu++0x";
				CLANG_CXX_LIBRARY = "libc++";
				CLANG_ENABLE_MODULES = YES;
				CLANG_ENABLE_OBJC_ARC = YES;
				CLANG_WARN_BOOL_CONVERSION = YES;
				CLANG_WARN_CONSTANT_CONVERSION = YES;
				CLANG_WARN_DIRECT_OBJC_ISA_USAGE = YES_ERROR;
				CLANG_WARN_EMPTY_BODY = YES;
				CLANG_WARN_ENUM_CONVERSION = YES;
				CLANG_WARN_INT_CONVERSION = YES;
				CLANG_WARN_OBJC_ROOT_CLASS = YES_ERROR;
				CLANG_WARN_UNREACHABLE_CODE = YES;
				CLANG_WARN__DUPLICATE_METHOD_MATCH = YES;
				"CODE_SIGN_IDENTITY[sdk=iphoneos*]" = "iPhone Developer";
				COPY_PHASE_STRIP = NO;
				DEBUG_INFORMATION_FORMAT = dwarf;
				ENABLE_STRICT_OBJC_MSGSEND = YES;
				ENABLE_TESTABILITY = YES;
				GCC_C_LANGUAGE_STANDARD = gnu99;
				GCC_DYNAMIC_NO_PIC = NO;
				GCC_NO_COMMON_BLOCKS = YES;
				GCC_OPTIMIZATION_LEVEL = 0;
				GCC_PREPROCESSOR_DEFINITIONS = (
					"DEBUG=1",
					"$(inherited)",
				);
				GCC_WARN_64_TO_32_BIT_CONVERSION = YES;
				GCC_WARN_ABOUT_RETURN_TYPE = YES_ERROR;
				GCC_WARN_UNDECLARED_SELECTOR = YES;
				GCC_WARN_UNINITIALIZED_AUTOS = YES_AGGRESSIVE;
				GCC_WARN_UNUSED_FUNCTION = YES;
				GCC_WARN_UNUSED_VARIABLE = YES;
				IPHONEOS_DEPLOYMENT_TARGET = 9.3;
				MTL_ENABLE_DEBUG_INFO = YES;
				ONLY_ACTIVE_ARCH = YES;
				SDKROOT = iphoneos;
				SWIFT_OPTIMIZATION_LEVEL = "-Onone";
			};
			name = Debug;
		};
		0DB2D8911DF7FC8A0051A033 /* Release */ = {
			isa = XCBuildConfiguration;
			buildSettings = {
				ALWAYS_SEARCH_USER_PATHS = NO;
				CLANG_ANALYZER_NONNULL = YES;
				CLANG_CXX_LANGUAGE_STANDARD = "gnu++0x";
				CLANG_CXX_LIBRARY = "libc++";
				CLANG_ENABLE_MODULES = YES;
				CLANG_ENABLE_OBJC_ARC = YES;
				CLANG_WARN_BOOL_CONVERSION = YES;
				CLANG_WARN_CONSTANT_CONVERSION = YES;
				CLANG_WARN_DIRECT_OBJC_ISA_USAGE = YES_ERROR;
				CLANG_WARN_EMPTY_BODY = YES;
				CLANG_WARN_ENUM_CONVERSION = YES;
				CLANG_WARN_INT_CONVERSION = YES;
				CLANG_WARN_OBJC_ROOT_CLASS = YES_ERROR;
				CLANG_WARN_UNREACHABLE_CODE = YES;
				CLANG_WARN__DUPLICATE_METHOD_MATCH = YES;
				"CODE_SIGN_IDENTITY[sdk=iphoneos*]" = "iPhone Developer";
				COPY_PHASE_STRIP = NO;
				DEBUG_INFORMATION_FORMAT = "dwarf-with-dsym";
				ENABLE_NS_ASSERTIONS = NO;
				ENABLE_STRICT_OBJC_MSGSEND = YES;
				GCC_C_LANGUAGE_STANDARD = gnu99;
				GCC_NO_COMMON_BLOCKS = YES;
				GCC_WARN_64_TO_32_BIT_CONVERSION = YES;
				GCC_WARN_ABOUT_RETURN_TYPE = YES_ERROR;
				GCC_WARN_UNDECLARED_SELECTOR = YES;
				GCC_WARN_UNINITIALIZED_AUTOS = YES_AGGRESSIVE;
				GCC_WARN_UNUSED_FUNCTION = YES;
				GCC_WARN_UNUSED_VARIABLE = YES;
				IPHONEOS_DEPLOYMENT_TARGET = 9.3;
				MTL_ENABLE_DEBUG_INFO = NO;
				SDKROOT = iphoneos;
				VALIDATE_PRODUCT = YES;
			};
			name = Release;
		};
		0DB2D8931DF7FC8A0051A033 /* Debug */ = {
			isa = XCBuildConfiguration;
			buildSettings = {
				ASSETCATALOG_COMPILER_APPICON_NAME = AppIcon;
				INFOPLIST_FILE = repository_test/Info.plist;
				LD_RUNPATH_SEARCH_PATHS = "$(inherited) @executable_path/Frameworks";
				PRODUCT_BUNDLE_IDENTIFIER = "jp.co.nico.repository-test";
				PRODUCT_NAME = "$(TARGET_NAME)";
			};
			name = Debug;
		};
		0DB2D8941DF7FC8A0051A033 /* Release */ = {
			isa = XCBuildConfiguration;
			buildSettings = {
				ASSETCATALOG_COMPILER_APPICON_NAME = AppIcon;
				INFOPLIST_FILE = repository_test/Info.plist;
				LD_RUNPATH_SEARCH_PATHS = "$(inherited) @executable_path/Frameworks";
				PRODUCT_BUNDLE_IDENTIFIER = "jp.co.nico.repository-test";
				PRODUCT_NAME = "$(TARGET_NAME)";
			};
			name = Release;
		};
		0DB2D8961DF7FC8A0051A033 /* Debug */ = {
			isa = XCBuildConfiguration;
			buildSettings = {
				BUNDLE_LOADER = "$(TEST_HOST)";
				INFOPLIST_FILE = repository_testTests/Info.plist;
				LD_RUNPATH_SEARCH_PATHS = "$(inherited) @executable_path/Frameworks @loader_path/Frameworks";
				PRODUCT_BUNDLE_IDENTIFIER = "jp.co.nico.repository-testTests";
				PRODUCT_NAME = "$(TARGET_NAME)";
				TEST_HOST = "$(BUILT_PRODUCTS_DIR)/repository_test.app/repository_test";
			};
			name = Debug;
		};
		0DB2D8971DF7FC8A0051A033 /* Release */ = {
			isa = XCBuildConfiguration;
			buildSettings = {
				BUNDLE_LOADER = "$(TEST_HOST)";
				INFOPLIST_FILE = repository_testTests/Info.plist;
				LD_RUNPATH_SEARCH_PATHS = "$(inherited) @executable_path/Frameworks @loader_path/Frameworks";
				PRODUCT_BUNDLE_IDENTIFIER = "jp.co.nico.repository-testTests";
				PRODUCT_NAME = "$(TARGET_NAME)";
				TEST_HOST = "$(BUILT_PRODUCTS_DIR)/repository_test.app/repository_test";
			};
			name = Release;
		};
		0DB2D8991DF7FC8A0051A033 /* Debug */ = {
			isa = XCBuildConfiguration;
			buildSettings = {
				INFOPLIST_FILE = repository_testUITests/Info.plist;
				LD_RUNPATH_SEARCH_PATHS = "$(inherited) @executable_path/Frameworks @loader_path/Frameworks";
				PRODUCT_BUNDLE_IDENTIFIER = "jp.co.nico.repository-testUITests";
				PRODUCT_NAME = "$(TARGET_NAME)";
				TEST_TARGET_NAME = repository_test;
			};
			name = Debug;
		};
		0DB2D89A1DF7FC8A0051A033 /* Release */ = {
			isa = XCBuildConfiguration;
			buildSettings = {
				INFOPLIST_FILE = repository_testUITests/Info.plist;
				LD_RUNPATH_SEARCH_PATHS = "$(inherited) @executable_path/Frameworks @loader_path/Frameworks";
				PRODUCT_BUNDLE_IDENTIFIER = "jp.co.nico.repository-testUITests";
				PRODUCT_NAME = "$(TARGET_NAME)";
				TEST_TARGET_NAME = repository_test;
			};
			name = Release;
		};
/* End XCBuildConfiguration section */

/* Begin XCConfigurationList section */
		0DB2D8631DF7FC890051A033 /* Build configuration list for PBXProject "repository_test" */ = {
			isa = XCConfigurationList;
			buildConfigurations = (
				0DB2D8901DF7FC8A0051A033 /* Debug */,
				0DB2D8911DF7FC8A0051A033 /* Release */,
			);
			defaultConfigurationIsVisible = 0;
			defaultConfigurationName = Release;
		};
		0DB2D8921DF7FC8A0051A033 /* Build configuration list for PBXNativeTarget "repository_test" */ = {
			isa = XCConfigurationList;
			buildConfigurations = (
				0DB2D8931DF7FC8A0051A033 /* Debug */,
				0DB2D8941DF7FC8A0051A033 /* Release */,
			);
			defaultConfigurationIsVisible = 0;
		};
		0DB2D8951DF7FC8A0051A033 /* Build configuration list for PBXNativeTarget "repository_testTests" */ = {
			isa = XCConfigurationList;
			buildConfigurations = (
				0DB2D8961DF7FC8A0051A033 /* Debug */,
				0DB2D8971DF7FC8A0051A033 /* Release */,
			);
			defaultConfigurationIsVisible = 0;
		};
		0DB2D8981DF7FC8A0051A033 /* Build configuration list for PBXNativeTarget "repository_testUITests" */ = {
			isa = XCConfigurationList;
			buildConfigurations = (
				0DB2D8991DF7FC8A0051A033 /* Debug */,
				0DB2D89A1DF7FC8A0051A033 /* Release */,
			);
			defaultConfigurationIsVisible = 0;
		};
/* End XCConfigurationList section */
	};
	rootObject = 0DB2D8601DF7FC890051A033 /* Project object */;
}
